// !$*UTF8*$!
{
	archiveVersion = 1;
	classes = {
	};
	objectVersion = 50;
	objects = {

/* Begin PBXBuildFile section */
		1500B0A022B01E5D00772999 /* MoviesCache.swift in Sources */ = {isa = PBXBuildFile; fileRef = 1500B09F22B01E5D00772999 /* MoviesCache.swift */; };
		1500B0A222B026EB00772999 /* MoviesRemote.swift in Sources */ = {isa = PBXBuildFile; fileRef = 1500B0A122B026EB00772999 /* MoviesRemote.swift */; };
		1500B0A522B028BD00772999 /* ConnectivityService.swift in Sources */ = {isa = PBXBuildFile; fileRef = 1500B0A422B028BD00772999 /* ConnectivityService.swift */; };
		1500B0A722B028ED00772999 /* ConnectivityServiceImp.swift in Sources */ = {isa = PBXBuildFile; fileRef = 1500B0A622B028ED00772999 /* ConnectivityServiceImp.swift */; };
		1500B0A922B02C3600772999 /* ConnectivityServiceMock.swift in Sources */ = {isa = PBXBuildFile; fileRef = 1500B0A822B02C3600772999 /* ConnectivityServiceMock.swift */; };
		152BEF0522AD36C60011653A /* MoviesService.swift in Sources */ = {isa = PBXBuildFile; fileRef = 152BEF0422AD36C60011653A /* MoviesService.swift */; };
		152BEF0722AD36CF0011653A /* MoviesServiceImp.swift in Sources */ = {isa = PBXBuildFile; fileRef = 152BEF0622AD36CF0011653A /* MoviesServiceImp.swift */; };
		152BEF0922AD36DF0011653A /* Movie.swift in Sources */ = {isa = PBXBuildFile; fileRef = 152BEF0822AD36DF0011653A /* Movie.swift */; };
		152BEF0B22AD3A110011653A /* Cancelable.swift in Sources */ = {isa = PBXBuildFile; fileRef = 152BEF0A22AD3A110011653A /* Cancelable.swift */; };
		152BEF0D22AD3E5C0011653A /* CustomError.swift in Sources */ = {isa = PBXBuildFile; fileRef = 152BEF0C22AD3E5C0011653A /* CustomError.swift */; };
		152BEF0F22AD49A40011653A /* MoviesServiceTests.swift in Sources */ = {isa = PBXBuildFile; fileRef = 152BEF0E22AD49A40011653A /* MoviesServiceTests.swift */; };
		152BEF1122AD4BE90011653A /* movie_now_playing.json in Resources */ = {isa = PBXBuildFile; fileRef = 152BEF1022AD4BE90011653A /* movie_now_playing.json */; };
		152BEF1522AD52200011653A /* MultiPageResult.swift in Sources */ = {isa = PBXBuildFile; fileRef = 152BEF1422AD52200011653A /* MultiPageResult.swift */; };
		152BEF1722AD59410011653A /* SharedFactory.swift in Sources */ = {isa = PBXBuildFile; fileRef = 152BEF1622AD59410011653A /* SharedFactory.swift */; };
		152BEF1922AD59900011653A /* Config.swift in Sources */ = {isa = PBXBuildFile; fileRef = 152BEF1822AD59900011653A /* Config.swift */; };
		152BEF1B22AD61D20011653A /* LoadingSupplementaryView.swift in Sources */ = {isa = PBXBuildFile; fileRef = 152BEF1A22AD61D20011653A /* LoadingSupplementaryView.swift */; };
		152BEF1D22AEAB700011653A /* Movie+PosterURL.swift in Sources */ = {isa = PBXBuildFile; fileRef = 152BEF1C22AEAB700011653A /* Movie+PosterURL.swift */; };
		152BEF2122AEB27B0011653A /* MovieInfoItemView.swift in Sources */ = {isa = PBXBuildFile; fileRef = 152BEF2022AEB27B0011653A /* MovieInfoItemView.swift */; };
		1570320B22AD04D500B0E3AF /* AppDelegate.swift in Sources */ = {isa = PBXBuildFile; fileRef = 1570320A22AD04D500B0E3AF /* AppDelegate.swift */; };
		1570321222AD04D600B0E3AF /* Assets.xcassets in Resources */ = {isa = PBXBuildFile; fileRef = 1570321122AD04D600B0E3AF /* Assets.xcassets */; };
		1570321522AD04D600B0E3AF /* LaunchScreen.storyboard in Resources */ = {isa = PBXBuildFile; fileRef = 1570321322AD04D600B0E3AF /* LaunchScreen.storyboard */; };
		1570322022AD04D700B0E3AF /* MoviewGridTests.swift in Sources */ = {isa = PBXBuildFile; fileRef = 1570321F22AD04D700B0E3AF /* MoviewGridTests.swift */; };
		1570322F22AD05AB00B0E3AF /* ViewController.swift in Sources */ = {isa = PBXBuildFile; fileRef = 1570322E22AD05AB00B0E3AF /* ViewController.swift */; };
		1570323122AD05B700B0E3AF /* ViewModel.swift in Sources */ = {isa = PBXBuildFile; fileRef = 1570323022AD05B700B0E3AF /* ViewModel.swift */; };
		1570323322AD05C400B0E3AF /* ModelViewController.swift in Sources */ = {isa = PBXBuildFile; fileRef = 1570323222AD05C400B0E3AF /* ModelViewController.swift */; };
		1570323E22AD0CA900B0E3AF /* MoviesListView.storyboard in Resources */ = {isa = PBXBuildFile; fileRef = 1570323B22AD0CA900B0E3AF /* MoviesListView.storyboard */; };
		1570323F22AD0CA900B0E3AF /* MoviesListViewModel.swift in Sources */ = {isa = PBXBuildFile; fileRef = 1570323C22AD0CA900B0E3AF /* MoviesListViewModel.swift */; };
		1570324022AD0CA900B0E3AF /* MoviesListViewController.swift in Sources */ = {isa = PBXBuildFile; fileRef = 1570323D22AD0CA900B0E3AF /* MoviesListViewController.swift */; };
		1570324222AD0E6600B0E3AF /* MovieCell.swift in Sources */ = {isa = PBXBuildFile; fileRef = 1570324122AD0E6600B0E3AF /* MovieCell.swift */; };
		1570324422AD107000B0E3AF /* FlowCoordinator.swift in Sources */ = {isa = PBXBuildFile; fileRef = 1570324322AD107000B0E3AF /* FlowCoordinator.swift */; };
		1570324722AD112000B0E3AF /* UIViewController+Extension.swift in Sources */ = {isa = PBXBuildFile; fileRef = 1570324622AD112000B0E3AF /* UIViewController+Extension.swift */; };
		1570324F22AD29FA00B0E3AF /* Colors.swift in Sources */ = {isa = PBXBuildFile; fileRef = 1570324E22AD29FA00B0E3AF /* Colors.swift */; };
		1570325122AD2A3600B0E3AF /* UIColor+Extension.swift in Sources */ = {isa = PBXBuildFile; fileRef = 1570325022AD2A3600B0E3AF /* UIColor+Extension.swift */; };
		1570325522AD322000B0E3AF /* MovieDetailsViewModel.swift in Sources */ = {isa = PBXBuildFile; fileRef = 1570325222AD322000B0E3AF /* MovieDetailsViewModel.swift */; };
		1570325622AD322000B0E3AF /* MovieDetailsView.storyboard in Resources */ = {isa = PBXBuildFile; fileRef = 1570325322AD322000B0E3AF /* MovieDetailsView.storyboard */; };
		1570325722AD322000B0E3AF /* MovieDetailsViewController.swift in Sources */ = {isa = PBXBuildFile; fileRef = 1570325422AD322000B0E3AF /* MovieDetailsViewController.swift */; };
		49DA78DD6914EB75A32A2221 /* Pods_MoviewGrid.framework in Frameworks */ = {isa = PBXBuildFile; fileRef = 4009385C89B21793D724386A /* Pods_MoviewGrid.framework */; };
		7CF94776CBB1058D0766A45C /* Pods_MoviewGridTests.framework in Frameworks */ = {isa = PBXBuildFile; fileRef = 795ED0B3CD9B8A165B5CD8D4 /* Pods_MoviewGridTests.framework */; };
/* End PBXBuildFile section */

/* Begin PBXContainerItemProxy section */
		1570321C22AD04D700B0E3AF /* PBXContainerItemProxy */ = {
			isa = PBXContainerItemProxy;
			containerPortal = 157031FF22AD04D500B0E3AF /* Project object */;
			proxyType = 1;
			remoteGlobalIDString = 1570320622AD04D500B0E3AF;
			remoteInfo = MoviewGrid;
		};
/* End PBXContainerItemProxy section */

/* Begin PBXFileReference section */
		1500B09F22B01E5D00772999 /* MoviesCache.swift */ = {isa = PBXFileReference; lastKnownFileType = sourcecode.swift; path = MoviesCache.swift; sourceTree = "<group>"; };
		1500B0A122B026EB00772999 /* MoviesRemote.swift */ = {isa = PBXFileReference; lastKnownFileType = sourcecode.swift; path = MoviesRemote.swift; sourceTree = "<group>"; };
		1500B0A422B028BD00772999 /* ConnectivityService.swift */ = {isa = PBXFileReference; lastKnownFileType = sourcecode.swift; path = ConnectivityService.swift; sourceTree = "<group>"; };
		1500B0A622B028ED00772999 /* ConnectivityServiceImp.swift */ = {isa = PBXFileReference; lastKnownFileType = sourcecode.swift; path = ConnectivityServiceImp.swift; sourceTree = "<group>"; };
		1500B0A822B02C3600772999 /* ConnectivityServiceMock.swift */ = {isa = PBXFileReference; lastKnownFileType = sourcecode.swift; path = ConnectivityServiceMock.swift; sourceTree = "<group>"; };
		152BEF0422AD36C60011653A /* MoviesService.swift */ = {isa = PBXFileReference; lastKnownFileType = sourcecode.swift; path = MoviesService.swift; sourceTree = "<group>"; };
		152BEF0622AD36CF0011653A /* MoviesServiceImp.swift */ = {isa = PBXFileReference; lastKnownFileType = sourcecode.swift; path = MoviesServiceImp.swift; sourceTree = "<group>"; };
		152BEF0822AD36DF0011653A /* Movie.swift */ = {isa = PBXFileReference; lastKnownFileType = sourcecode.swift; path = Movie.swift; sourceTree = "<group>"; };
		152BEF0A22AD3A110011653A /* Cancelable.swift */ = {isa = PBXFileReference; lastKnownFileType = sourcecode.swift; path = Cancelable.swift; sourceTree = "<group>"; };
		152BEF0C22AD3E5C0011653A /* CustomError.swift */ = {isa = PBXFileReference; lastKnownFileType = sourcecode.swift; path = CustomError.swift; sourceTree = "<group>"; };
		152BEF0E22AD49A40011653A /* MoviesServiceTests.swift */ = {isa = PBXFileReference; lastKnownFileType = sourcecode.swift; path = MoviesServiceTests.swift; sourceTree = "<group>"; };
		152BEF1022AD4BE90011653A /* movie_now_playing.json */ = {isa = PBXFileReference; lastKnownFileType = text.json; path = movie_now_playing.json; sourceTree = "<group>"; };
		152BEF1422AD52200011653A /* MultiPageResult.swift */ = {isa = PBXFileReference; lastKnownFileType = sourcecode.swift; path = MultiPageResult.swift; sourceTree = "<group>"; };
		152BEF1622AD59410011653A /* SharedFactory.swift */ = {isa = PBXFileReference; lastKnownFileType = sourcecode.swift; path = SharedFactory.swift; sourceTree = "<group>"; };
		152BEF1822AD59900011653A /* Config.swift */ = {isa = PBXFileReference; lastKnownFileType = sourcecode.swift; path = Config.swift; sourceTree = "<group>"; };
		152BEF1A22AD61D20011653A /* LoadingSupplementaryView.swift */ = {isa = PBXFileReference; lastKnownFileType = sourcecode.swift; path = LoadingSupplementaryView.swift; sourceTree = "<group>"; };
		152BEF1C22AEAB700011653A /* Movie+PosterURL.swift */ = {isa = PBXFileReference; lastKnownFileType = sourcecode.swift; path = "Movie+PosterURL.swift"; sourceTree = "<group>"; };
		152BEF2022AEB27B0011653A /* MovieInfoItemView.swift */ = {isa = PBXFileReference; lastKnownFileType = sourcecode.swift; path = MovieInfoItemView.swift; sourceTree = "<group>"; };
		1570320722AD04D500B0E3AF /* MoviewGrid.app */ = {isa = PBXFileReference; explicitFileType = wrapper.application; includeInIndex = 0; path = MoviewGrid.app; sourceTree = BUILT_PRODUCTS_DIR; };
		1570320A22AD04D500B0E3AF /* AppDelegate.swift */ = {isa = PBXFileReference; lastKnownFileType = sourcecode.swift; path = AppDelegate.swift; sourceTree = "<group>"; };
		1570321122AD04D600B0E3AF /* Assets.xcassets */ = {isa = PBXFileReference; lastKnownFileType = folder.assetcatalog; path = Assets.xcassets; sourceTree = "<group>"; };
		1570321422AD04D600B0E3AF /* Base */ = {isa = PBXFileReference; lastKnownFileType = file.storyboard; name = Base; path = Base.lproj/LaunchScreen.storyboard; sourceTree = "<group>"; };
		1570321622AD04D600B0E3AF /* Info.plist */ = {isa = PBXFileReference; lastKnownFileType = text.plist.xml; path = Info.plist; sourceTree = "<group>"; };
		1570321B22AD04D700B0E3AF /* MoviewGridTests.xctest */ = {isa = PBXFileReference; explicitFileType = wrapper.cfbundle; includeInIndex = 0; path = MoviewGridTests.xctest; sourceTree = BUILT_PRODUCTS_DIR; };
		1570321F22AD04D700B0E3AF /* MoviewGridTests.swift */ = {isa = PBXFileReference; lastKnownFileType = sourcecode.swift; path = MoviewGridTests.swift; sourceTree = "<group>"; };
		1570322122AD04D700B0E3AF /* Info.plist */ = {isa = PBXFileReference; lastKnownFileType = text.plist.xml; path = Info.plist; sourceTree = "<group>"; };
		1570322E22AD05AB00B0E3AF /* ViewController.swift */ = {isa = PBXFileReference; lastKnownFileType = sourcecode.swift; path = ViewController.swift; sourceTree = "<group>"; };
		1570323022AD05B700B0E3AF /* ViewModel.swift */ = {isa = PBXFileReference; lastKnownFileType = sourcecode.swift; path = ViewModel.swift; sourceTree = "<group>"; };
		1570323222AD05C400B0E3AF /* ModelViewController.swift */ = {isa = PBXFileReference; lastKnownFileType = sourcecode.swift; path = ModelViewController.swift; sourceTree = "<group>"; };
		1570323B22AD0CA900B0E3AF /* MoviesListView.storyboard */ = {isa = PBXFileReference; fileEncoding = 4; lastKnownFileType = file.storyboard; path = MoviesListView.storyboard; sourceTree = "<group>"; };
		1570323C22AD0CA900B0E3AF /* MoviesListViewModel.swift */ = {isa = PBXFileReference; fileEncoding = 4; lastKnownFileType = sourcecode.swift; path = MoviesListViewModel.swift; sourceTree = "<group>"; };
		1570323D22AD0CA900B0E3AF /* MoviesListViewController.swift */ = {isa = PBXFileReference; fileEncoding = 4; lastKnownFileType = sourcecode.swift; path = MoviesListViewController.swift; sourceTree = "<group>"; };
		1570324122AD0E6600B0E3AF /* MovieCell.swift */ = {isa = PBXFileReference; lastKnownFileType = sourcecode.swift; path = MovieCell.swift; sourceTree = "<group>"; };
		1570324322AD107000B0E3AF /* FlowCoordinator.swift */ = {isa = PBXFileReference; lastKnownFileType = sourcecode.swift; path = FlowCoordinator.swift; sourceTree = "<group>"; };
		1570324622AD112000B0E3AF /* UIViewController+Extension.swift */ = {isa = PBXFileReference; lastKnownFileType = sourcecode.swift; path = "UIViewController+Extension.swift"; sourceTree = "<group>"; };
		1570324E22AD29FA00B0E3AF /* Colors.swift */ = {isa = PBXFileReference; lastKnownFileType = sourcecode.swift; path = Colors.swift; sourceTree = "<group>"; };
		1570325022AD2A3600B0E3AF /* UIColor+Extension.swift */ = {isa = PBXFileReference; lastKnownFileType = sourcecode.swift; path = "UIColor+Extension.swift"; sourceTree = "<group>"; };
		1570325222AD322000B0E3AF /* MovieDetailsViewModel.swift */ = {isa = PBXFileReference; fileEncoding = 4; lastKnownFileType = sourcecode.swift; path = MovieDetailsViewModel.swift; sourceTree = "<group>"; };
		1570325322AD322000B0E3AF /* MovieDetailsView.storyboard */ = {isa = PBXFileReference; fileEncoding = 4; lastKnownFileType = file.storyboard; path = MovieDetailsView.storyboard; sourceTree = "<group>"; };
		1570325422AD322000B0E3AF /* MovieDetailsViewController.swift */ = {isa = PBXFileReference; fileEncoding = 4; lastKnownFileType = sourcecode.swift; path = MovieDetailsViewController.swift; sourceTree = "<group>"; };
		1BE44608F5F06368738F8A66 /* Pods-MoviewGridTests.release.xcconfig */ = {isa = PBXFileReference; includeInIndex = 1; lastKnownFileType = text.xcconfig; name = "Pods-MoviewGridTests.release.xcconfig"; path = "Pods/Target Support Files/Pods-MoviewGridTests/Pods-MoviewGridTests.release.xcconfig"; sourceTree = "<group>"; };
		306DDF121C78CD9272637C6B /* Pods-MoviewGrid.debug.xcconfig */ = {isa = PBXFileReference; includeInIndex = 1; lastKnownFileType = text.xcconfig; name = "Pods-MoviewGrid.debug.xcconfig"; path = "Pods/Target Support Files/Pods-MoviewGrid/Pods-MoviewGrid.debug.xcconfig"; sourceTree = "<group>"; };
		4009385C89B21793D724386A /* Pods_MoviewGrid.framework */ = {isa = PBXFileReference; explicitFileType = wrapper.framework; includeInIndex = 0; path = Pods_MoviewGrid.framework; sourceTree = BUILT_PRODUCTS_DIR; };
		795ED0B3CD9B8A165B5CD8D4 /* Pods_MoviewGridTests.framework */ = {isa = PBXFileReference; explicitFileType = wrapper.framework; includeInIndex = 0; path = Pods_MoviewGridTests.framework; sourceTree = BUILT_PRODUCTS_DIR; };
		9BD129327887F081FE2320FB /* Pods-MoviewGrid.release.xcconfig */ = {isa = PBXFileReference; includeInIndex = 1; lastKnownFileType = text.xcconfig; name = "Pods-MoviewGrid.release.xcconfig"; path = "Pods/Target Support Files/Pods-MoviewGrid/Pods-MoviewGrid.release.xcconfig"; sourceTree = "<group>"; };
		AFA1B7EF4BD2AB5814059026 /* Pods-MoviewGridTests.debug.xcconfig */ = {isa = PBXFileReference; includeInIndex = 1; lastKnownFileType = text.xcconfig; name = "Pods-MoviewGridTests.debug.xcconfig"; path = "Pods/Target Support Files/Pods-MoviewGridTests/Pods-MoviewGridTests.debug.xcconfig"; sourceTree = "<group>"; };
/* End PBXFileReference section */

/* Begin PBXFrameworksBuildPhase section */
		1570320422AD04D500B0E3AF /* Frameworks */ = {
			isa = PBXFrameworksBuildPhase;
			buildActionMask = 2147483647;
			files = (
				49DA78DD6914EB75A32A2221 /* Pods_MoviewGrid.framework in Frameworks */,
			);
			runOnlyForDeploymentPostprocessing = 0;
		};
		1570321822AD04D600B0E3AF /* Frameworks */ = {
			isa = PBXFrameworksBuildPhase;
			buildActionMask = 2147483647;
			files = (
				7CF94776CBB1058D0766A45C /* Pods_MoviewGridTests.framework in Frameworks */,
			);
			runOnlyForDeploymentPostprocessing = 0;
		};
/* End PBXFrameworksBuildPhase section */

/* Begin PBXGroup section */
		00CF49BA58DA96636285901B /* Pods */ = {
			isa = PBXGroup;
			children = (
				306DDF121C78CD9272637C6B /* Pods-MoviewGrid.debug.xcconfig */,
				9BD129327887F081FE2320FB /* Pods-MoviewGrid.release.xcconfig */,
				AFA1B7EF4BD2AB5814059026 /* Pods-MoviewGridTests.debug.xcconfig */,
				1BE44608F5F06368738F8A66 /* Pods-MoviewGridTests.release.xcconfig */,
			);
			name = Pods;
			sourceTree = "<group>";
		};
		1500B0A322B028B100772999 /* Connectivity */ = {
			isa = PBXGroup;
			children = (
				1500B0A422B028BD00772999 /* ConnectivityService.swift */,
				1500B0A622B028ED00772999 /* ConnectivityServiceImp.swift */,
			);
			path = Connectivity;
			sourceTree = "<group>";
		};
		152BEF0222AD36BA0011653A /* Services */ = {
			isa = PBXGroup;
			children = (
				1500B0A322B028B100772999 /* Connectivity */,
				152BEF0322AD36BA0011653A /* Movies */,
				152BEF0A22AD3A110011653A /* Cancelable.swift */,
				152BEF0C22AD3E5C0011653A /* CustomError.swift */,
				152BEF1622AD59410011653A /* SharedFactory.swift */,
			);
			path = Services;
			sourceTree = "<group>";
		};
		152BEF0322AD36BA0011653A /* Movies */ = {
			isa = PBXGroup;
			children = (
				152BEF0822AD36DF0011653A /* Movie.swift */,
				152BEF0422AD36C60011653A /* MoviesService.swift */,
				152BEF0622AD36CF0011653A /* MoviesServiceImp.swift */,
				152BEF1422AD52200011653A /* MultiPageResult.swift */,
				152BEF1C22AEAB700011653A /* Movie+PosterURL.swift */,
				1500B09F22B01E5D00772999 /* MoviesCache.swift */,
				1500B0A122B026EB00772999 /* MoviesRemote.swift */,
			);
			path = Movies;
			sourceTree = "<group>";
		};
		157031FE22AD04D500B0E3AF = {
			isa = PBXGroup;
			children = (
				1570320922AD04D500B0E3AF /* MoviewGrid */,
				1570321E22AD04D700B0E3AF /* MoviewGridTests */,
				1570320822AD04D500B0E3AF /* Products */,
				00CF49BA58DA96636285901B /* Pods */,
				97C55031C7794183C51A8F09 /* Frameworks */,
			);
			sourceTree = "<group>";
		};
		1570320822AD04D500B0E3AF /* Products */ = {
			isa = PBXGroup;
			children = (
				1570320722AD04D500B0E3AF /* MoviewGrid.app */,
				1570321B22AD04D700B0E3AF /* MoviewGridTests.xctest */,
			);
			name = Products;
			sourceTree = "<group>";
		};
		1570320922AD04D500B0E3AF /* MoviewGrid */ = {
			isa = PBXGroup;
			children = (
				152BEF0222AD36BA0011653A /* Services */,
				1570324522AD111400B0E3AF /* Utils */,
				1570322A22AD056900B0E3AF /* Screens */,
				1570320A22AD04D500B0E3AF /* AppDelegate.swift */,
				152BEF1822AD59900011653A /* Config.swift */,
				1570321122AD04D600B0E3AF /* Assets.xcassets */,
				1570321322AD04D600B0E3AF /* LaunchScreen.storyboard */,
				1570321622AD04D600B0E3AF /* Info.plist */,
			);
			path = MoviewGrid;
			sourceTree = "<group>";
		};
		1570321E22AD04D700B0E3AF /* MoviewGridTests */ = {
			isa = PBXGroup;
			children = (
				1570321F22AD04D700B0E3AF /* MoviewGridTests.swift */,
				152BEF0E22AD49A40011653A /* MoviesServiceTests.swift */,
				1500B0A822B02C3600772999 /* ConnectivityServiceMock.swift */,
				1570322122AD04D700B0E3AF /* Info.plist */,
				152BEF1022AD4BE90011653A /* movie_now_playing.json */,
			);
			path = MoviewGridTests;
			sourceTree = "<group>";
		};
		1570322A22AD056900B0E3AF /* Screens */ = {
			isa = PBXGroup;
			children = (
				1570324322AD107000B0E3AF /* FlowCoordinator.swift */,
				1570322D22AD05A000B0E3AF /* Base */,
				1570322B22AD056900B0E3AF /* MovieDetails */,
				1570322C22AD056900B0E3AF /* MoviesList */,
			);
			path = Screens;
			sourceTree = "<group>";
		};
		1570322B22AD056900B0E3AF /* MovieDetails */ = {
			isa = PBXGroup;
			children = (
				1570325322AD322000B0E3AF /* MovieDetailsView.storyboard */,
				1570325422AD322000B0E3AF /* MovieDetailsViewController.swift */,
				1570325222AD322000B0E3AF /* MovieDetailsViewModel.swift */,
				152BEF2022AEB27B0011653A /* MovieInfoItemView.swift */,
			);
			path = MovieDetails;
			sourceTree = "<group>";
		};
		1570322C22AD056900B0E3AF /* MoviesList */ = {
			isa = PBXGroup;
			children = (
				1570323B22AD0CA900B0E3AF /* MoviesListView.storyboard */,
				1570323D22AD0CA900B0E3AF /* MoviesListViewController.swift */,
				1570323C22AD0CA900B0E3AF /* MoviesListViewModel.swift */,
				1570324122AD0E6600B0E3AF /* MovieCell.swift */,
				152BEF1A22AD61D20011653A /* LoadingSupplementaryView.swift */,
			);
			path = MoviesList;
			sourceTree = "<group>";
		};
		1570322D22AD05A000B0E3AF /* Base */ = {
			isa = PBXGroup;
			children = (
				1570322E22AD05AB00B0E3AF /* ViewController.swift */,
				1570323022AD05B700B0E3AF /* ViewModel.swift */,
				1570323222AD05C400B0E3AF /* ModelViewController.swift */,
				1570324E22AD29FA00B0E3AF /* Colors.swift */,
			);
			path = Base;
			sourceTree = "<group>";
		};
		1570324522AD111400B0E3AF /* Utils */ = {
			isa = PBXGroup;
			children = (
				1570324622AD112000B0E3AF /* UIViewController+Extension.swift */,
				1570325022AD2A3600B0E3AF /* UIColor+Extension.swift */,
			);
			path = Utils;
			sourceTree = "<group>";
		};
		97C55031C7794183C51A8F09 /* Frameworks */ = {
			isa = PBXGroup;
			children = (
				4009385C89B21793D724386A /* Pods_MoviewGrid.framework */,
				795ED0B3CD9B8A165B5CD8D4 /* Pods_MoviewGridTests.framework */,
			);
			name = Frameworks;
			sourceTree = "<group>";
		};
/* End PBXGroup section */

/* Begin PBXNativeTarget section */
		1570320622AD04D500B0E3AF /* MoviewGrid */ = {
			isa = PBXNativeTarget;
			buildConfigurationList = 1570322422AD04D700B0E3AF /* Build configuration list for PBXNativeTarget "MoviewGrid" */;
			buildPhases = (
				A80630E8A6DD83137A75A662 /* [CP] Check Pods Manifest.lock */,
				1570320322AD04D500B0E3AF /* Sources */,
				1570320422AD04D500B0E3AF /* Frameworks */,
				1570320522AD04D500B0E3AF /* Resources */,
				1570323422AD061300B0E3AF /* swiftlint */,
				02F23ADAE0A9AA41C23C1556 /* [CP] Embed Pods Frameworks */,
			);
			buildRules = (
			);
			dependencies = (
			);
			name = MoviewGrid;
			productName = MoviewGrid;
			productReference = 1570320722AD04D500B0E3AF /* MoviewGrid.app */;
			productType = "com.apple.product-type.application";
		};
		1570321A22AD04D600B0E3AF /* MoviewGridTests */ = {
			isa = PBXNativeTarget;
			buildConfigurationList = 1570322722AD04D700B0E3AF /* Build configuration list for PBXNativeTarget "MoviewGridTests" */;
			buildPhases = (
				1FEB91A946A518012A5AB6CD /* [CP] Check Pods Manifest.lock */,
				1570321722AD04D600B0E3AF /* Sources */,
				1570321822AD04D600B0E3AF /* Frameworks */,
				1570321922AD04D600B0E3AF /* Resources */,
				1B057052F37B799129BB81C2 /* [CP] Embed Pods Frameworks */,
			);
			buildRules = (
			);
			dependencies = (
				1570321D22AD04D700B0E3AF /* PBXTargetDependency */,
			);
			name = MoviewGridTests;
			productName = MoviewGridTests;
			productReference = 1570321B22AD04D700B0E3AF /* MoviewGridTests.xctest */;
			productType = "com.apple.product-type.bundle.unit-test";
		};
/* End PBXNativeTarget section */

/* Begin PBXProject section */
		157031FF22AD04D500B0E3AF /* Project object */ = {
			isa = PBXProject;
			attributes = {
				LastSwiftUpdateCheck = 1020;
				LastUpgradeCheck = 1020;
				ORGANIZATIONNAME = "Dmytro Trofymenko";
				TargetAttributes = {
					1570320622AD04D500B0E3AF = {
						CreatedOnToolsVersion = 10.2.1;
					};
					1570321A22AD04D600B0E3AF = {
						CreatedOnToolsVersion = 10.2.1;
						TestTargetID = 1570320622AD04D500B0E3AF;
					};
				};
			};
			buildConfigurationList = 1570320222AD04D500B0E3AF /* Build configuration list for PBXProject "MoviewGrid" */;
			compatibilityVersion = "Xcode 9.3";
			developmentRegion = en;
			hasScannedForEncodings = 0;
			knownRegions = (
				en,
				Base,
			);
			mainGroup = 157031FE22AD04D500B0E3AF;
			productRefGroup = 1570320822AD04D500B0E3AF /* Products */;
			projectDirPath = "";
			projectRoot = "";
			targets = (
				1570320622AD04D500B0E3AF /* MoviewGrid */,
				1570321A22AD04D600B0E3AF /* MoviewGridTests */,
			);
		};
/* End PBXProject section */

/* Begin PBXResourcesBuildPhase section */
		1570320522AD04D500B0E3AF /* Resources */ = {
			isa = PBXResourcesBuildPhase;
			buildActionMask = 2147483647;
			files = (
				1570321522AD04D600B0E3AF /* LaunchScreen.storyboard in Resources */,
				1570321222AD04D600B0E3AF /* Assets.xcassets in Resources */,
				1570323E22AD0CA900B0E3AF /* MoviesListView.storyboard in Resources */,
				1570325622AD322000B0E3AF /* MovieDetailsView.storyboard in Resources */,
			);
			runOnlyForDeploymentPostprocessing = 0;
		};
		1570321922AD04D600B0E3AF /* Resources */ = {
			isa = PBXResourcesBuildPhase;
			buildActionMask = 2147483647;
			files = (
				152BEF1122AD4BE90011653A /* movie_now_playing.json in Resources */,
			);
			runOnlyForDeploymentPostprocessing = 0;
		};
/* End PBXResourcesBuildPhase section */

/* Begin PBXShellScriptBuildPhase section */
		02F23ADAE0A9AA41C23C1556 /* [CP] Embed Pods Frameworks */ = {
			isa = PBXShellScriptBuildPhase;
			buildActionMask = 2147483647;
			files = (
			);
			inputFileListPaths = (
			);
			inputPaths = (
				"${SRCROOT}/Pods/Target Support Files/Pods-MoviewGrid/Pods-MoviewGrid-frameworks.sh",
				"${BUILT_PRODUCTS_DIR}/Alamofire/Alamofire.framework",
				"${BUILT_PRODUCTS_DIR}/Kingfisher/Kingfisher.framework",
			);
			name = "[CP] Embed Pods Frameworks";
			outputFileListPaths = (
			);
			outputPaths = (
				"${TARGET_BUILD_DIR}/${FRAMEWORKS_FOLDER_PATH}/Alamofire.framework",
				"${TARGET_BUILD_DIR}/${FRAMEWORKS_FOLDER_PATH}/Kingfisher.framework",
			);
			runOnlyForDeploymentPostprocessing = 0;
			shellPath = /bin/sh;
			shellScript = "\"${SRCROOT}/Pods/Target Support Files/Pods-MoviewGrid/Pods-MoviewGrid-frameworks.sh\"\n";
			showEnvVarsInLog = 0;
		};
		1570323422AD061300B0E3AF /* swiftlint */ = {
			isa = PBXShellScriptBuildPhase;
			buildActionMask = 2147483647;
			files = (
			);
			inputFileListPaths = (
			);
			inputPaths = (
			);
			name = swiftlint;
			outputFileListPaths = (
			);
			outputPaths = (
			);
			runOnlyForDeploymentPostprocessing = 0;
			shellPath = /bin/sh;
			shellScript = "if which swiftlint >/dev/null; then\n    swiftlint\nelse\n    echo \"warning: SwiftLint not installed, download from https://github.com/realm/SwiftLint\"\nfi\n";
		};
		1B057052F37B799129BB81C2 /* [CP] Embed Pods Frameworks */ = {
			isa = PBXShellScriptBuildPhase;
			buildActionMask = 2147483647;
			files = (
			);
			inputFileListPaths = (
			);
			inputPaths = (
				"${SRCROOT}/Pods/Target Support Files/Pods-MoviewGridTests/Pods-MoviewGridTests-frameworks.sh",
				"${BUILT_PRODUCTS_DIR}/OHHTTPStubs/OHHTTPStubs.framework",
			);
			name = "[CP] Embed Pods Frameworks";
			outputFileListPaths = (
			);
			outputPaths = (
				"${TARGET_BUILD_DIR}/${FRAMEWORKS_FOLDER_PATH}/OHHTTPStubs.framework",
			);
			runOnlyForDeploymentPostprocessing = 0;
			shellPath = /bin/sh;
			shellScript = "\"${SRCROOT}/Pods/Target Support Files/Pods-MoviewGridTests/Pods-MoviewGridTests-frameworks.sh\"\n";
			showEnvVarsInLog = 0;
		};
		1FEB91A946A518012A5AB6CD /* [CP] Check Pods Manifest.lock */ = {
			isa = PBXShellScriptBuildPhase;
			buildActionMask = 2147483647;
			files = (
			);
			inputFileListPaths = (
			);
			inputPaths = (
				"${PODS_PODFILE_DIR_PATH}/Podfile.lock",
				"${PODS_ROOT}/Manifest.lock",
			);
			name = "[CP] Check Pods Manifest.lock";
			outputFileListPaths = (
			);
			outputPaths = (
				"$(DERIVED_FILE_DIR)/Pods-MoviewGridTests-checkManifestLockResult.txt",
			);
			runOnlyForDeploymentPostprocessing = 0;
			shellPath = /bin/sh;
			shellScript = "diff \"${PODS_PODFILE_DIR_PATH}/Podfile.lock\" \"${PODS_ROOT}/Manifest.lock\" > /dev/null\nif [ $? != 0 ] ; then\n    # print error to STDERR\n    echo \"error: The sandbox is not in sync with the Podfile.lock. Run 'pod install' or update your CocoaPods installation.\" >&2\n    exit 1\nfi\n# This output is used by Xcode 'outputs' to avoid re-running this script phase.\necho \"SUCCESS\" > \"${SCRIPT_OUTPUT_FILE_0}\"\n";
			showEnvVarsInLog = 0;
		};
		A80630E8A6DD83137A75A662 /* [CP] Check Pods Manifest.lock */ = {
			isa = PBXShellScriptBuildPhase;
			buildActionMask = 2147483647;
			files = (
			);
			inputFileListPaths = (
			);
			inputPaths = (
				"${PODS_PODFILE_DIR_PATH}/Podfile.lock",
				"${PODS_ROOT}/Manifest.lock",
			);
			name = "[CP] Check Pods Manifest.lock";
			outputFileListPaths = (
			);
			outputPaths = (
				"$(DERIVED_FILE_DIR)/Pods-MoviewGrid-checkManifestLockResult.txt",
			);
			runOnlyForDeploymentPostprocessing = 0;
			shellPath = /bin/sh;
			shellScript = "diff \"${PODS_PODFILE_DIR_PATH}/Podfile.lock\" \"${PODS_ROOT}/Manifest.lock\" > /dev/null\nif [ $? != 0 ] ; then\n    # print error to STDERR\n    echo \"error: The sandbox is not in sync with the Podfile.lock. Run 'pod install' or update your CocoaPods installation.\" >&2\n    exit 1\nfi\n# This output is used by Xcode 'outputs' to avoid re-running this script phase.\necho \"SUCCESS\" > \"${SCRIPT_OUTPUT_FILE_0}\"\n";
			showEnvVarsInLog = 0;
		};
/* End PBXShellScriptBuildPhase section */

/* Begin PBXSourcesBuildPhase section */
		1570320322AD04D500B0E3AF /* Sources */ = {
			isa = PBXSourcesBuildPhase;
			buildActionMask = 2147483647;
			files = (
				152BEF2122AEB27B0011653A /* MovieInfoItemView.swift in Sources */,
				152BEF0B22AD3A110011653A /* Cancelable.swift in Sources */,
				152BEF1722AD59410011653A /* SharedFactory.swift in Sources */,
				152BEF0D22AD3E5C0011653A /* CustomError.swift in Sources */,
				1570324722AD112000B0E3AF /* UIViewController+Extension.swift in Sources */,
				1500B0A722B028ED00772999 /* ConnectivityServiceImp.swift in Sources */,
				1570324F22AD29FA00B0E3AF /* Colors.swift in Sources */,
				1500B0A222B026EB00772999 /* MoviesRemote.swift in Sources */,
				152BEF1522AD52200011653A /* MultiPageResult.swift in Sources */,
				1570325722AD322000B0E3AF /* MovieDetailsViewController.swift in Sources */,
				1570324222AD0E6600B0E3AF /* MovieCell.swift in Sources */,
				152BEF0522AD36C60011653A /* MoviesService.swift in Sources */,
				1570325122AD2A3600B0E3AF /* UIColor+Extension.swift in Sources */,
				152BEF0922AD36DF0011653A /* Movie.swift in Sources */,
				152BEF0722AD36CF0011653A /* MoviesServiceImp.swift in Sources */,
				1570323F22AD0CA900B0E3AF /* MoviesListViewModel.swift in Sources */,
				1570322F22AD05AB00B0E3AF /* ViewController.swift in Sources */,
				1570324022AD0CA900B0E3AF /* MoviesListViewController.swift in Sources */,
				1570324422AD107000B0E3AF /* FlowCoordinator.swift in Sources */,
				1570325522AD322000B0E3AF /* MovieDetailsViewModel.swift in Sources */,
				152BEF1B22AD61D20011653A /* LoadingSupplementaryView.swift in Sources */,
				152BEF1922AD59900011653A /* Config.swift in Sources */,
				1500B0A522B028BD00772999 /* ConnectivityService.swift in Sources */,
				1570323122AD05B700B0E3AF /* ViewModel.swift in Sources */,
				1500B0A022B01E5D00772999 /* MoviesCache.swift in Sources */,
				1570323322AD05C400B0E3AF /* ModelViewController.swift in Sources */,
				1570320B22AD04D500B0E3AF /* AppDelegate.swift in Sources */,
				152BEF1D22AEAB700011653A /* Movie+PosterURL.swift in Sources */,
			);
			runOnlyForDeploymentPostprocessing = 0;
		};
		1570321722AD04D600B0E3AF /* Sources */ = {
			isa = PBXSourcesBuildPhase;
			buildActionMask = 2147483647;
			files = (
				152BEF0F22AD49A40011653A /* MoviesServiceTests.swift in Sources */,
				1570322022AD04D700B0E3AF /* MoviewGridTests.swift in Sources */,
				1500B0A922B02C3600772999 /* ConnectivityServiceMock.swift in Sources */,
			);
			runOnlyForDeploymentPostprocessing = 0;
		};
/* End PBXSourcesBuildPhase section */

/* Begin PBXTargetDependency section */
		1570321D22AD04D700B0E3AF /* PBXTargetDependency */ = {
			isa = PBXTargetDependency;
			target = 1570320622AD04D500B0E3AF /* MoviewGrid */;
			targetProxy = 1570321C22AD04D700B0E3AF /* PBXContainerItemProxy */;
		};
/* End PBXTargetDependency section */

/* Begin PBXVariantGroup section */
		1570321322AD04D600B0E3AF /* LaunchScreen.storyboard */ = {
			isa = PBXVariantGroup;
			children = (
				1570321422AD04D600B0E3AF /* Base */,
			);
			name = LaunchScreen.storyboard;
			sourceTree = "<group>";
		};
/* End PBXVariantGroup section */

/* Begin XCBuildConfiguration section */
		1570322222AD04D700B0E3AF /* Debug */ = {
			isa = XCBuildConfiguration;
			buildSettings = {
				ALWAYS_SEARCH_USER_PATHS = NO;
				CLANG_ANALYZER_NONNULL = YES;
				CLANG_ANALYZER_NUMBER_OBJECT_CONVERSION = YES_AGGRESSIVE;
				CLANG_CXX_LANGUAGE_STANDARD = "gnu++14";
				CLANG_CXX_LIBRARY = "libc++";
				CLANG_ENABLE_MODULES = YES;
				CLANG_ENABLE_OBJC_ARC = YES;
				CLANG_ENABLE_OBJC_WEAK = YES;
				CLANG_WARN_BLOCK_CAPTURE_AUTORELEASING = YES;
				CLANG_WARN_BOOL_CONVERSION = YES;
				CLANG_WARN_COMMA = YES;
				CLANG_WARN_CONSTANT_CONVERSION = YES;
				CLANG_WARN_DEPRECATED_OBJC_IMPLEMENTATIONS = YES;
				CLANG_WARN_DIRECT_OBJC_ISA_USAGE = YES_ERROR;
				CLANG_WARN_DOCUMENTATION_COMMENTS = YES;
				CLANG_WARN_EMPTY_BODY = YES;
				CLANG_WARN_ENUM_CONVERSION = YES;
				CLANG_WARN_INFINITE_RECURSION = YES;
				CLANG_WARN_INT_CONVERSION = YES;
				CLANG_WARN_NON_LITERAL_NULL_CONVERSION = YES;
				CLANG_WARN_OBJC_IMPLICIT_RETAIN_SELF = YES;
				CLANG_WARN_OBJC_LITERAL_CONVERSION = YES;
				CLANG_WARN_OBJC_ROOT_CLASS = YES_ERROR;
				CLANG_WARN_RANGE_LOOP_ANALYSIS = YES;
				CLANG_WARN_STRICT_PROTOTYPES = YES;
				CLANG_WARN_SUSPICIOUS_MOVE = YES;
				CLANG_WARN_UNGUARDED_AVAILABILITY = YES_AGGRESSIVE;
				CLANG_WARN_UNREACHABLE_CODE = YES;
				CLANG_WARN__DUPLICATE_METHOD_MATCH = YES;
				CODE_SIGN_IDENTITY = "iPhone Developer";
				COPY_PHASE_STRIP = NO;
				DEBUG_INFORMATION_FORMAT = dwarf;
				ENABLE_STRICT_OBJC_MSGSEND = YES;
				ENABLE_TESTABILITY = YES;
				GCC_C_LANGUAGE_STANDARD = gnu11;
				GCC_DYNAMIC_NO_PIC = NO;
				GCC_NO_COMMON_BLOCKS = YES;
				GCC_OPTIMIZATION_LEVEL = 0;
				GCC_PREPROCESSOR_DEFINITIONS = (
					"DEBUG=1",
					"$(inherited)",
				);
				GCC_WARN_64_TO_32_BIT_CONVERSION = YES;
				GCC_WARN_ABOUT_RETURN_TYPE = YES_ERROR;
				GCC_WARN_UNDECLARED_SELECTOR = YES;
				GCC_WARN_UNINITIALIZED_AUTOS = YES_AGGRESSIVE;
				GCC_WARN_UNUSED_FUNCTION = YES;
				GCC_WARN_UNUSED_VARIABLE = YES;
				IPHONEOS_DEPLOYMENT_TARGET = 12.2;
				MTL_ENABLE_DEBUG_INFO = INCLUDE_SOURCE;
				MTL_FAST_MATH = YES;
				ONLY_ACTIVE_ARCH = YES;
				SDKROOT = iphoneos;
				SWIFT_ACTIVE_COMPILATION_CONDITIONS = DEBUG;
				SWIFT_OPTIMIZATION_LEVEL = "-Onone";
			};
			name = Debug;
		};
		1570322322AD04D700B0E3AF /* Release */ = {
			isa = XCBuildConfiguration;
			buildSettings = {
				ALWAYS_SEARCH_USER_PATHS = NO;
				CLANG_ANALYZER_NONNULL = YES;
				CLANG_ANALYZER_NUMBER_OBJECT_CONVERSION = YES_AGGRESSIVE;
				CLANG_CXX_LANGUAGE_STANDARD = "gnu++14";
				CLANG_CXX_LIBRARY = "libc++";
				CLANG_ENABLE_MODULES = YES;
				CLANG_ENABLE_OBJC_ARC = YES;
				CLANG_ENABLE_OBJC_WEAK = YES;
				CLANG_WARN_BLOCK_CAPTURE_AUTORELEASING = YES;
				CLANG_WARN_BOOL_CONVERSION = YES;
				CLANG_WARN_COMMA = YES;
				CLANG_WARN_CONSTANT_CONVERSION = YES;
				CLANG_WARN_DEPRECATED_OBJC_IMPLEMENTATIONS = YES;
				CLANG_WARN_DIRECT_OBJC_ISA_USAGE = YES_ERROR;
				CLANG_WARN_DOCUMENTATION_COMMENTS = YES;
				CLANG_WARN_EMPTY_BODY = YES;
				CLANG_WARN_ENUM_CONVERSION = YES;
				CLANG_WARN_INFINITE_RECURSION = YES;
				CLANG_WARN_INT_CONVERSION = YES;
				CLANG_WARN_NON_LITERAL_NULL_CONVERSION = YES;
				CLANG_WARN_OBJC_IMPLICIT_RETAIN_SELF = YES;
				CLANG_WARN_OBJC_LITERAL_CONVERSION = YES;
				CLANG_WARN_OBJC_ROOT_CLASS = YES_ERROR;
				CLANG_WARN_RANGE_LOOP_ANALYSIS = YES;
				CLANG_WARN_STRICT_PROTOTYPES = YES;
				CLANG_WARN_SUSPICIOUS_MOVE = YES;
				CLANG_WARN_UNGUARDED_AVAILABILITY = YES_AGGRESSIVE;
				CLANG_WARN_UNREACHABLE_CODE = YES;
				CLANG_WARN__DUPLICATE_METHOD_MATCH = YES;
				CODE_SIGN_IDENTITY = "iPhone Developer";
				COPY_PHASE_STRIP = NO;
				DEBUG_INFORMATION_FORMAT = "dwarf-with-dsym";
				ENABLE_NS_ASSERTIONS = NO;
				ENABLE_STRICT_OBJC_MSGSEND = YES;
				GCC_C_LANGUAGE_STANDARD = gnu11;
				GCC_NO_COMMON_BLOCKS = YES;
				GCC_WARN_64_TO_32_BIT_CONVERSION = YES;
				GCC_WARN_ABOUT_RETURN_TYPE = YES_ERROR;
				GCC_WARN_UNDECLARED_SELECTOR = YES;
				GCC_WARN_UNINITIALIZED_AUTOS = YES_AGGRESSIVE;
				GCC_WARN_UNUSED_FUNCTION = YES;
				GCC_WARN_UNUSED_VARIABLE = YES;
				IPHONEOS_DEPLOYMENT_TARGET = 12.2;
				MTL_ENABLE_DEBUG_INFO = NO;
				MTL_FAST_MATH = YES;
				SDKROOT = iphoneos;
				SWIFT_COMPILATION_MODE = wholemodule;
				SWIFT_OPTIMIZATION_LEVEL = "-O";
				VALIDATE_PRODUCT = YES;
			};
			name = Release;
		};
		1570322522AD04D700B0E3AF /* Debug */ = {
			isa = XCBuildConfiguration;
			baseConfigurationReference = 306DDF121C78CD9272637C6B /* Pods-MoviewGrid.debug.xcconfig */;
			buildSettings = {
				ASSETCATALOG_COMPILER_APPICON_NAME = AppIcon;
				CODE_SIGN_IDENTITY = "iPhone Developer";
				CODE_SIGN_STYLE = Automatic;
				DEVELOPMENT_TEAM = ND7K776U2H;
				INFOPLIST_FILE = MoviewGrid/Info.plist;
				IPHONEOS_DEPLOYMENT_TARGET = 10.0;
				LD_RUNPATH_SEARCH_PATHS = (
					"$(inherited)",
					"@executable_path/Frameworks",
				);
				PRODUCT_BUNDLE_IDENTIFIER = io.dtrofymenko.MoviewGrid;
				PRODUCT_NAME = "$(TARGET_NAME)";
				PROVISIONING_PROFILE_SPECIFIER = "";
				SWIFT_VERSION = 5.0;
				TARGETED_DEVICE_FAMILY = "1,2";
			};
			name = Debug;
		};
		1570322622AD04D700B0E3AF /* Release */ = {
			isa = XCBuildConfiguration;
			baseConfigurationReference = 9BD129327887F081FE2320FB /* Pods-MoviewGrid.release.xcconfig */;
			buildSettings = {
				ASSETCATALOG_COMPILER_APPICON_NAME = AppIcon;
				CODE_SIGN_IDENTITY = "iPhone Developer";
				CODE_SIGN_STYLE = Automatic;
				DEVELOPMENT_TEAM = ND7K776U2H;
				INFOPLIST_FILE = MoviewGrid/Info.plist;
				IPHONEOS_DEPLOYMENT_TARGET = 10.0;
				LD_RUNPATH_SEARCH_PATHS = (
					"$(inherited)",
					"@executable_path/Frameworks",
				);
				PRODUCT_BUNDLE_IDENTIFIER = io.dtrofymenko.MoviewGrid;
				PRODUCT_NAME = "$(TARGET_NAME)";
				PROVISIONING_PROFILE_SPECIFIER = "";
				SWIFT_VERSION = 5.0;
				TARGETED_DEVICE_FAMILY = "1,2";
			};
			name = Release;
		};
		1570322822AD04D700B0E3AF /* Debug */ = {
			isa = XCBuildConfiguration;
			baseConfigurationReference = AFA1B7EF4BD2AB5814059026 /* Pods-MoviewGridTests.debug.xcconfig */;
			buildSettings = {
				BUNDLE_LOADER = "$(TEST_HOST)";
				CODE_SIGN_STYLE = Automatic;
				INFOPLIST_FILE = MoviewGridTests/Info.plist;
				LD_RUNPATH_SEARCH_PATHS = (
					"$(inherited)",
					"@executable_path/Frameworks",
					"@loader_path/Frameworks",
				);
				PRODUCT_BUNDLE_IDENTIFIER = io.dtrofymenko.MoviewGridTests;
				PRODUCT_NAME = "$(TARGET_NAME)";
				SWIFT_VERSION = 5.0;
				TARGETED_DEVICE_FAMILY = "1,2";
				TEST_HOST = "$(BUILT_PRODUCTS_DIR)/MoviewGrid.app/MoviewGrid";
			};
			name = Debug;
		};
		1570322922AD04D700B0E3AF /* Release */ = {
			isa = XCBuildConfiguration;
			baseConfigurationReference = 1BE44608F5F06368738F8A66 /* Pods-MoviewGridTests.release.xcconfig */;
			buildSettings = {
				BUNDLE_LOADER = "$(TEST_HOST)";
				CODE_SIGN_STYLE = Automatic;
				INFOPLIST_FILE = MoviewGridTests/Info.plist;
				LD_RUNPATH_SEARCH_PATHS = (
					"$(inherited)",
					"@executable_path/Frameworks",
					"@loader_path/Frameworks",
				);
				PRODUCT_BUNDLE_IDENTIFIER = io.dtrofymenko.MoviewGridTests;
				PRODUCT_NAME = "$(TARGET_NAME)";
				SWIFT_VERSION = 5.0;
				TARGETED_DEVICE_FAMILY = "1,2";
				TEST_HOST = "$(BUILT_PRODUCTS_DIR)/MoviewGrid.app/MoviewGrid";
			};
			name = Release;
		};
/* End XCBuildConfiguration section */

/* Begin XCConfigurationList section */
		1570320222AD04D500B0E3AF /* Build configuration list for PBXProject "MoviewGrid" */ = {
			isa = XCConfigurationList;
			buildConfigurations = (
				1570322222AD04D700B0E3AF /* Debug */,
				1570322322AD04D700B0E3AF /* Release */,
			);
			defaultConfigurationIsVisible = 0;
			defaultConfigurationName = Release;
		};
		1570322422AD04D700B0E3AF /* Build configuration list for PBXNativeTarget "MoviewGrid" */ = {
			isa = XCConfigurationList;
			buildConfigurations = (
				1570322522AD04D700B0E3AF /* Debug */,
				1570322622AD04D700B0E3AF /* Release */,
			);
			defaultConfigurationIsVisible = 0;
			defaultConfigurationName = Release;
		};
		1570322722AD04D700B0E3AF /* Build configuration list for PBXNativeTarget "MoviewGridTests" */ = {
			isa = XCConfigurationList;
			buildConfigurations = (
				1570322822AD04D700B0E3AF /* Debug */,
				1570322922AD04D700B0E3AF /* Release */,
			);
			defaultConfigurationIsVisible = 0;
			defaultConfigurationName = Release;
		};
/* End XCConfigurationList section */
	};
	rootObject = 157031FF22AD04D500B0E3AF /* Project object */;
}
